// !$*UTF8*$!
{
	archiveVersion = 1;
	classes = {
	};
	objectVersion = 56;
	objects = {

/* Begin PBXBuildFile section */
		368D34DE28DC137300C2DB36 /* AppDelegate.swift in Sources */ = {isa = PBXBuildFile; fileRef = 368D34DD28DC137300C2DB36 /* AppDelegate.swift */; };
		368D34E028DC137300C2DB36 /* SceneDelegate.swift in Sources */ = {isa = PBXBuildFile; fileRef = 368D34DF28DC137300C2DB36 /* SceneDelegate.swift */; };
		368D34E228DC137300C2DB36 /* ViewController.swift in Sources */ = {isa = PBXBuildFile; fileRef = 368D34E128DC137300C2DB36 /* ViewController.swift */; };
		368D34E528DC137300C2DB36 /* Main.storyboard in Resources */ = {isa = PBXBuildFile; fileRef = 368D34E328DC137300C2DB36 /* Main.storyboard */; };
		368D34E828DC137300C2DB36 /* webview.xcdatamodeld in Sources */ = {isa = PBXBuildFile; fileRef = 368D34E628DC137300C2DB36 /* webview.xcdatamodeld */; };
		368D34EA28DC137500C2DB36 /* Assets.xcassets in Resources */ = {isa = PBXBuildFile; fileRef = 368D34E928DC137500C2DB36 /* Assets.xcassets */; };
		368D34ED28DC137500C2DB36 /* LaunchScreen.storyboard in Resources */ = {isa = PBXBuildFile; fileRef = 368D34EB28DC137500C2DB36 /* LaunchScreen.storyboard */; };
		368D34F828DC137500C2DB36 /* webviewTests.swift in Sources */ = {isa = PBXBuildFile; fileRef = 368D34F728DC137500C2DB36 /* webviewTests.swift */; };
		368D350228DC137500C2DB36 /* webviewUITests.swift in Sources */ = {isa = PBXBuildFile; fileRef = 368D350128DC137500C2DB36 /* webviewUITests.swift */; };
		368D350428DC137500C2DB36 /* webviewUITestsLaunchTests.swift in Sources */ = {isa = PBXBuildFile; fileRef = 368D350328DC137500C2DB36 /* webviewUITestsLaunchTests.swift */; };
/* End PBXBuildFile section */

/* Begin PBXContainerItemProxy section */
		368D34F428DC137500C2DB36 /* PBXContainerItemProxy */ = {
			isa = PBXContainerItemProxy;
			containerPortal = 368D34D228DC137300C2DB36 /* Project object */;
			proxyType = 1;
			remoteGlobalIDString = 368D34D928DC137300C2DB36;
			remoteInfo = webview;
		};
		368D34FE28DC137500C2DB36 /* PBXContainerItemProxy */ = {
			isa = PBXContainerItemProxy;
			containerPortal = 368D34D228DC137300C2DB36 /* Project object */;
			proxyType = 1;
			remoteGlobalIDString = 368D34D928DC137300C2DB36;
			remoteInfo = webview;
		};
/* End PBXContainerItemProxy section */

/* Begin PBXFileReference section */
		368D34DA28DC137300C2DB36 /* webview.app */ = {isa = PBXFileReference; explicitFileType = wrapper.application; includeInIndex = 0; path = webview.app; sourceTree = BUILT_PRODUCTS_DIR; };
		368D34DD28DC137300C2DB36 /* AppDelegate.swift */ = {isa = PBXFileReference; lastKnownFileType = sourcecode.swift; path = AppDelegate.swift; sourceTree = "<group>"; };
		368D34DF28DC137300C2DB36 /* SceneDelegate.swift */ = {isa = PBXFileReference; lastKnownFileType = sourcecode.swift; path = SceneDelegate.swift; sourceTree = "<group>"; };
		368D34E128DC137300C2DB36 /* ViewController.swift */ = {isa = PBXFileReference; lastKnownFileType = sourcecode.swift; path = ViewController.swift; sourceTree = "<group>"; };
		368D34E428DC137300C2DB36 /* Base */ = {isa = PBXFileReference; lastKnownFileType = file.storyboard; name = Base; path = Base.lproj/Main.storyboard; sourceTree = "<group>"; };
		368D34E728DC137300C2DB36 /* webview.xcdatamodel */ = {isa = PBXFileReference; lastKnownFileType = wrapper.xcdatamodel; path = webview.xcdatamodel; sourceTree = "<group>"; };
		368D34E928DC137500C2DB36 /* Assets.xcassets */ = {isa = PBXFileReference; lastKnownFileType = folder.assetcatalog; path = Assets.xcassets; sourceTree = "<group>"; };
		368D34EC28DC137500C2DB36 /* Base */ = {isa = PBXFileReference; lastKnownFileType = file.storyboard; name = Base; path = Base.lproj/LaunchScreen.storyboard; sourceTree = "<group>"; };
		368D34EE28DC137500C2DB36 /* Info.plist */ = {isa = PBXFileReference; lastKnownFileType = text.plist.xml; path = Info.plist; sourceTree = "<group>"; };
		368D34F328DC137500C2DB36 /* webviewTests.xctest */ = {isa = PBXFileReference; explicitFileType = wrapper.cfbundle; includeInIndex = 0; path = webviewTests.xctest; sourceTree = BUILT_PRODUCTS_DIR; };
		368D34F728DC137500C2DB36 /* webviewTests.swift */ = {isa = PBXFileReference; lastKnownFileType = sourcecode.swift; path = webviewTests.swift; sourceTree = "<group>"; };
		368D34FD28DC137500C2DB36 /* webviewUITests.xctest */ = {isa = PBXFileReference; explicitFileType = wrapper.cfbundle; includeInIndex = 0; path = webviewUITests.xctest; sourceTree = BUILT_PRODUCTS_DIR; };
		368D350128DC137500C2DB36 /* webviewUITests.swift */ = {isa = PBXFileReference; lastKnownFileType = sourcecode.swift; path = webviewUITests.swift; sourceTree = "<group>"; };
		368D350328DC137500C2DB36 /* webviewUITestsLaunchTests.swift */ = {isa = PBXFileReference; lastKnownFileType = sourcecode.swift; path = webviewUITestsLaunchTests.swift; sourceTree = "<group>"; };
/* End PBXFileReference section */

/* Begin PBXFrameworksBuildPhase section */
		368D34D728DC137300C2DB36 /* Frameworks */ = {
			isa = PBXFrameworksBuildPhase;
			buildActionMask = 2147483647;
			files = (
			);
			runOnlyForDeploymentPostprocessing = 0;
		};
		368D34F028DC137500C2DB36 /* Frameworks */ = {
			isa = PBXFrameworksBuildPhase;
			buildActionMask = 2147483647;
			files = (
			);
			runOnlyForDeploymentPostprocessing = 0;
		};
		368D34FA28DC137500C2DB36 /* Frameworks */ = {
			isa = PBXFrameworksBuildPhase;
			buildActionMask = 2147483647;
			files = (
			);
			runOnlyForDeploymentPostprocessing = 0;
		};
/* End PBXFrameworksBuildPhase section */

/* Begin PBXGroup section */
		368D34D128DC137300C2DB36 = {
			isa = PBXGroup;
			children = (
				368D34DC28DC137300C2DB36 /* webview */,
				368D34F628DC137500C2DB36 /* webviewTests */,
				368D350028DC137500C2DB36 /* webviewUITests */,
				368D34DB28DC137300C2DB36 /* Products */,
			);
			sourceTree = "<group>";
		};
		368D34DB28DC137300C2DB36 /* Products */ = {
			isa = PBXGroup;
			children = (
				368D34DA28DC137300C2DB36 /* webview.app */,
				368D34F328DC137500C2DB36 /* webviewTests.xctest */,
				368D34FD28DC137500C2DB36 /* webviewUITests.xctest */,
			);
			name = Products;
			sourceTree = "<group>";
		};
		368D34DC28DC137300C2DB36 /* webview */ = {
			isa = PBXGroup;
			children = (
				368D34DD28DC137300C2DB36 /* AppDelegate.swift */,
				368D34DF28DC137300C2DB36 /* SceneDelegate.swift */,
				368D34E128DC137300C2DB36 /* ViewController.swift */,
				368D34E328DC137300C2DB36 /* Main.storyboard */,
				368D34E928DC137500C2DB36 /* Assets.xcassets */,
				368D34EB28DC137500C2DB36 /* LaunchScreen.storyboard */,
				368D34EE28DC137500C2DB36 /* Info.plist */,
				368D34E628DC137300C2DB36 /* webview.xcdatamodeld */,
			);
			path = webview;
			sourceTree = "<group>";
		};
		368D34F628DC137500C2DB36 /* webviewTests */ = {
			isa = PBXGroup;
			children = (
				368D34F728DC137500C2DB36 /* webviewTests.swift */,
			);
			path = webviewTests;
			sourceTree = "<group>";
		};
		368D350028DC137500C2DB36 /* webviewUITests */ = {
			isa = PBXGroup;
			children = (
				368D350128DC137500C2DB36 /* webviewUITests.swift */,
				368D350328DC137500C2DB36 /* webviewUITestsLaunchTests.swift */,
			);
			path = webviewUITests;
			sourceTree = "<group>";
		};
/* End PBXGroup section */

/* Begin PBXNativeTarget section */
		368D34D928DC137300C2DB36 /* webview */ = {
			isa = PBXNativeTarget;
			buildConfigurationList = 368D350728DC137500C2DB36 /* Build configuration list for PBXNativeTarget "webview" */;
			buildPhases = (
				368D34D628DC137300C2DB36 /* Sources */,
				368D34D728DC137300C2DB36 /* Frameworks */,
				368D34D828DC137300C2DB36 /* Resources */,
			);
			buildRules = (
			);
			dependencies = (
			);
			name = webview;
			productName = webview;
			productReference = 368D34DA28DC137300C2DB36 /* webview.app */;
			productType = "com.apple.product-type.application";
		};
		368D34F228DC137500C2DB36 /* webviewTests */ = {
			isa = PBXNativeTarget;
			buildConfigurationList = 368D350A28DC137500C2DB36 /* Build configuration list for PBXNativeTarget "webviewTests" */;
			buildPhases = (
				368D34EF28DC137500C2DB36 /* Sources */,
				368D34F028DC137500C2DB36 /* Frameworks */,
				368D34F128DC137500C2DB36 /* Resources */,
			);
			buildRules = (
			);
			dependencies = (
				368D34F528DC137500C2DB36 /* PBXTargetDependency */,
			);
			name = webviewTests;
			productName = webviewTests;
			productReference = 368D34F328DC137500C2DB36 /* webviewTests.xctest */;
			productType = "com.apple.product-type.bundle.unit-test";
		};
		368D34FC28DC137500C2DB36 /* webviewUITests */ = {
			isa = PBXNativeTarget;
			buildConfigurationList = 368D350D28DC137500C2DB36 /* Build configuration list for PBXNativeTarget "webviewUITests" */;
			buildPhases = (
				368D34F928DC137500C2DB36 /* Sources */,
				368D34FA28DC137500C2DB36 /* Frameworks */,
				368D34FB28DC137500C2DB36 /* Resources */,
			);
			buildRules = (
			);
			dependencies = (
				368D34FF28DC137500C2DB36 /* PBXTargetDependency */,
			);
			name = webviewUITests;
			productName = webviewUITests;
			productReference = 368D34FD28DC137500C2DB36 /* webviewUITests.xctest */;
			productType = "com.apple.product-type.bundle.ui-testing";
		};
/* End PBXNativeTarget section */

/* Begin PBXProject section */
		368D34D228DC137300C2DB36 /* Project object */ = {
			isa = PBXProject;
			attributes = {
				BuildIndependentTargetsInParallel = 1;
				LastSwiftUpdateCheck = 1400;
				LastUpgradeCheck = 1400;
				TargetAttributes = {
					368D34D928DC137300C2DB36 = {
						CreatedOnToolsVersion = 14.0;
					};
					368D34F228DC137500C2DB36 = {
						CreatedOnToolsVersion = 14.0;
						TestTargetID = 368D34D928DC137300C2DB36;
					};
					368D34FC28DC137500C2DB36 = {
						CreatedOnToolsVersion = 14.0;
						TestTargetID = 368D34D928DC137300C2DB36;
					};
				};
			};
			buildConfigurationList = 368D34D528DC137300C2DB36 /* Build configuration list for PBXProject "webview" */;
			compatibilityVersion = "Xcode 14.0";
			developmentRegion = en;
			hasScannedForEncodings = 0;
			knownRegions = (
				en,
				Base,
			);
			mainGroup = 368D34D128DC137300C2DB36;
			productRefGroup = 368D34DB28DC137300C2DB36 /* Products */;
			projectDirPath = "";
			projectRoot = "";
			targets = (
				368D34D928DC137300C2DB36 /* webview */,
				368D34F228DC137500C2DB36 /* webviewTests */,
				368D34FC28DC137500C2DB36 /* webviewUITests */,
			);
		};
/* End PBXProject section */

/* Begin PBXResourcesBuildPhase section */
		368D34D828DC137300C2DB36 /* Resources */ = {
			isa = PBXResourcesBuildPhase;
			buildActionMask = 2147483647;
			files = (
				368D34ED28DC137500C2DB36 /* LaunchScreen.storyboard in Resources */,
				368D34EA28DC137500C2DB36 /* Assets.xcassets in Resources */,
				368D34E528DC137300C2DB36 /* Main.storyboard in Resources */,
			);
			runOnlyForDeploymentPostprocessing = 0;
		};
		368D34F128DC137500C2DB36 /* Resources */ = {
			isa = PBXResourcesBuildPhase;
			buildActionMask = 2147483647;
			files = (
			);
			runOnlyForDeploymentPostprocessing = 0;
		};
		368D34FB28DC137500C2DB36 /* Resources */ = {
			isa = PBXResourcesBuildPhase;
			buildActionMask = 2147483647;
			files = (
			);
			runOnlyForDeploymentPostprocessing = 0;
		};
/* End PBXResourcesBuildPhase section */

/* Begin PBXSourcesBuildPhase section */
		368D34D628DC137300C2DB36 /* Sources */ = {
			isa = PBXSourcesBuildPhase;
			buildActionMask = 2147483647;
			files = (
				368D34E228DC137300C2DB36 /* ViewController.swift in Sources */,
				368D34E828DC137300C2DB36 /* webview.xcdatamodeld in Sources */,
				368D34DE28DC137300C2DB36 /* AppDelegate.swift in Sources */,
				368D34E028DC137300C2DB36 /* SceneDelegate.swift in Sources */,
			);
			runOnlyForDeploymentPostprocessing = 0;
		};
		368D34EF28DC137500C2DB36 /* Sources */ = {
			isa = PBXSourcesBuildPhase;
			buildActionMask = 2147483647;
			files = (
				368D34F828DC137500C2DB36 /* webviewTests.swift in Sources */,
			);
			runOnlyForDeploymentPostprocessing = 0;
		};
		368D34F928DC137500C2DB36 /* Sources */ = {
			isa = PBXSourcesBuildPhase;
			buildActionMask = 2147483647;
			files = (
				368D350428DC137500C2DB36 /* webviewUITestsLaunchTests.swift in Sources */,
				368D350228DC137500C2DB36 /* webviewUITests.swift in Sources */,
			);
			runOnlyForDeploymentPostprocessing = 0;
		};
/* End PBXSourcesBuildPhase section */

/* Begin PBXTargetDependency section */
		368D34F528DC137500C2DB36 /* PBXTargetDependency */ = {
			isa = PBXTargetDependency;
			target = 368D34D928DC137300C2DB36 /* webview */;
			targetProxy = 368D34F428DC137500C2DB36 /* PBXContainerItemProxy */;
		};
		368D34FF28DC137500C2DB36 /* PBXTargetDependency */ = {
			isa = PBXTargetDependency;
			target = 368D34D928DC137300C2DB36 /* webview */;
			targetProxy = 368D34FE28DC137500C2DB36 /* PBXContainerItemProxy */;
		};
/* End PBXTargetDependency section */

/* Begin PBXVariantGroup section */
		368D34E328DC137300C2DB36 /* Main.storyboard */ = {
			isa = PBXVariantGroup;
			children = (
				368D34E428DC137300C2DB36 /* Base */,
			);
			name = Main.storyboard;
			sourceTree = "<group>";
		};
		368D34EB28DC137500C2DB36 /* LaunchScreen.storyboard */ = {
			isa = PBXVariantGroup;
			children = (
				368D34EC28DC137500C2DB36 /* Base */,
			);
			name = LaunchScreen.storyboard;
			sourceTree = "<group>";
		};
/* End PBXVariantGroup section */

/* Begin XCBuildConfiguration section */
		368D350528DC137500C2DB36 /* Debug */ = {
			isa = XCBuildConfiguration;
			buildSettings = {
				ALWAYS_SEARCH_USER_PATHS = NO;
				CLANG_ANALYZER_NONNULL = YES;
				CLANG_ANALYZER_NUMBER_OBJECT_CONVERSION = YES_AGGRESSIVE;
				CLANG_CXX_LANGUAGE_STANDARD = "gnu++20";
				CLANG_ENABLE_MODULES = YES;
				CLANG_ENABLE_OBJC_ARC = YES;
				CLANG_ENABLE_OBJC_WEAK = YES;
				CLANG_WARN_BLOCK_CAPTURE_AUTORELEASING = YES;
				CLANG_WARN_BOOL_CONVERSION = YES;
				CLANG_WARN_COMMA = YES;
				CLANG_WARN_CONSTANT_CONVERSION = YES;
				CLANG_WARN_DEPRECATED_OBJC_IMPLEMENTATIONS = YES;
				CLANG_WARN_DIRECT_OBJC_ISA_USAGE = YES_ERROR;
				CLANG_WARN_DOCUMENTATION_COMMENTS = YES;
				CLANG_WARN_EMPTY_BODY = YES;
				CLANG_WARN_ENUM_CONVERSION = YES;
				CLANG_WARN_INFINITE_RECURSION = YES;
				CLANG_WARN_INT_CONVERSION = YES;
				CLANG_WARN_NON_LITERAL_NULL_CONVERSION = YES;
				CLANG_WARN_OBJC_IMPLICIT_RETAIN_SELF = YES;
				CLANG_WARN_OBJC_LITERAL_CONVERSION = YES;
				CLANG_WARN_OBJC_ROOT_CLASS = YES_ERROR;
				CLANG_WARN_QUOTED_INCLUDE_IN_FRAMEWORK_HEADER = YES;
				CLANG_WARN_RANGE_LOOP_ANALYSIS = YES;
				CLANG_WARN_STRICT_PROTOTYPES = YES;
				CLANG_WARN_SUSPICIOUS_MOVE = YES;
				CLANG_WARN_UNGUARDED_AVAILABILITY = YES_AGGRESSIVE;
				CLANG_WARN_UNREACHABLE_CODE = YES;
				CLANG_WARN__DUPLICATE_METHOD_MATCH = YES;
				COPY_PHASE_STRIP = NO;
				DEBUG_INFORMATION_FORMAT = dwarf;
				ENABLE_STRICT_OBJC_MSGSEND = YES;
				ENABLE_TESTABILITY = YES;
				GCC_C_LANGUAGE_STANDARD = gnu11;
				GCC_DYNAMIC_NO_PIC = NO;
				GCC_NO_COMMON_BLOCKS = YES;
				GCC_OPTIMIZATION_LEVEL = 0;
				GCC_PREPROCESSOR_DEFINITIONS = (
					"DEBUG=1",
					"$(inherited)",
				);
				GCC_WARN_64_TO_32_BIT_CONVERSION = YES;
				GCC_WARN_ABOUT_RETURN_TYPE = YES_ERROR;
				GCC_WARN_UNDECLARED_SELECTOR = YES;
				GCC_WARN_UNINITIALIZED_AUTOS = YES_AGGRESSIVE;
				GCC_WARN_UNUSED_FUNCTION = YES;
				GCC_WARN_UNUSED_VARIABLE = YES;
				IPHONEOS_DEPLOYMENT_TARGET = 16.0;
				MTL_ENABLE_DEBUG_INFO = INCLUDE_SOURCE;
				MTL_FAST_MATH = YES;
				ONLY_ACTIVE_ARCH = YES;
				SDKROOT = iphoneos;
				SWIFT_ACTIVE_COMPILATION_CONDITIONS = DEBUG;
				SWIFT_OPTIMIZATION_LEVEL = "-Onone";
			};
			name = Debug;
		};
		368D350628DC137500C2DB36 /* Release */ = {
			isa = XCBuildConfiguration;
			buildSettings = {
				ALWAYS_SEARCH_USER_PATHS = NO;
				CLANG_ANALYZER_NONNULL = YES;
				CLANG_ANALYZER_NUMBER_OBJECT_CONVERSION = YES_AGGRESSIVE;
				CLANG_CXX_LANGUAGE_STANDARD = "gnu++20";
				CLANG_ENABLE_MODULES = YES;
				CLANG_ENABLE_OBJC_ARC = YES;
				CLANG_ENABLE_OBJC_WEAK = YES;
				CLANG_WARN_BLOCK_CAPTURE_AUTORELEASING = YES;
				CLANG_WARN_BOOL_CONVERSION = YES;
				CLANG_WARN_COMMA = YES;
				CLANG_WARN_CONSTANT_CONVERSION = YES;
				CLANG_WARN_DEPRECATED_OBJC_IMPLEMENTATIONS = YES;
				CLANG_WARN_DIRECT_OBJC_ISA_USAGE = YES_ERROR;
				CLANG_WARN_DOCUMENTATION_COMMENTS = YES;
				CLANG_WARN_EMPTY_BODY = YES;
				CLANG_WARN_ENUM_CONVERSION = YES;
				CLANG_WARN_INFINITE_RECURSION = YES;
				CLANG_WARN_INT_CONVERSION = YES;
				CLANG_WARN_NON_LITERAL_NULL_CONVERSION = YES;
				CLANG_WARN_OBJC_IMPLICIT_RETAIN_SELF = YES;
				CLANG_WARN_OBJC_LITERAL_CONVERSION = YES;
				CLANG_WARN_OBJC_ROOT_CLASS = YES_ERROR;
				CLANG_WARN_QUOTED_INCLUDE_IN_FRAMEWORK_HEADER = YES;
				CLANG_WARN_RANGE_LOOP_ANALYSIS = YES;
				CLANG_WARN_STRICT_PROTOTYPES = YES;
				CLANG_WARN_SUSPICIOUS_MOVE = YES;
				CLANG_WARN_UNGUARDED_AVAILABILITY = YES_AGGRESSIVE;
				CLANG_WARN_UNREACHABLE_CODE = YES;
				CLANG_WARN__DUPLICATE_METHOD_MATCH = YES;
				COPY_PHASE_STRIP = NO;
				DEBUG_INFORMATION_FORMAT = "dwarf-with-dsym";
				ENABLE_NS_ASSERTIONS = NO;
				ENABLE_STRICT_OBJC_MSGSEND = YES;
				GCC_C_LANGUAGE_STANDARD = gnu11;
				GCC_NO_COMMON_BLOCKS = YES;
				GCC_WARN_64_TO_32_BIT_CONVERSION = YES;
				GCC_WARN_ABOUT_RETURN_TYPE = YES_ERROR;
				GCC_WARN_UNDECLARED_SELECTOR = YES;
				GCC_WARN_UNINITIALIZED_AUTOS = YES_AGGRESSIVE;
				GCC_WARN_UNUSED_FUNCTION = YES;
				GCC_WARN_UNUSED_VARIABLE = YES;
				IPHONEOS_DEPLOYMENT_TARGET = 16.0;
				MTL_ENABLE_DEBUG_INFO = NO;
				MTL_FAST_MATH = YES;
				SDKROOT = iphoneos;
				SWIFT_COMPILATION_MODE = wholemodule;
				SWIFT_OPTIMIZATION_LEVEL = "-O";
				VALIDATE_PRODUCT = YES;
			};
			name = Release;
		};
		368D350828DC137500C2DB36 /* Debug */ = {
			isa = XCBuildConfiguration;
			buildSettings = {
				ASSETCATALOG_COMPILER_APPICON_NAME = AppIcon;
				ASSETCATALOG_COMPILER_GLOBAL_ACCENT_COLOR_NAME = AccentColor;
				CODE_SIGN_STYLE = Automatic;
				CURRENT_PROJECT_VERSION = 1;
				DEVELOPMENT_TEAM = 6L2N3YV6A8;
				GENERATE_INFOPLIST_FILE = YES;
				INFOPLIST_FILE = webview/Info.plist;
				INFOPLIST_KEY_UIApplicationSupportsIndirectInputEvents = YES;
				INFOPLIST_KEY_UILaunchStoryboardName = LaunchScreen;
				INFOPLIST_KEY_UIMainStoryboardFile = Main;
				INFOPLIST_KEY_UISupportedInterfaceOrientations_iPad = "UIInterfaceOrientationPortrait UIInterfaceOrientationPortraitUpsideDown UIInterfaceOrientationLandscapeLeft UIInterfaceOrientationLandscapeRight";
				INFOPLIST_KEY_UISupportedInterfaceOrientations_iPhone = "UIInterfaceOrientationPortrait UIInterfaceOrientationLandscapeLeft UIInterfaceOrientationLandscapeRight";
				LD_RUNPATH_SEARCH_PATHS = (
					"$(inherited)",
					"@executable_path/Frameworks",
				);
				MARKETING_VERSION = 1.0;
				PRODUCT_BUNDLE_IDENTIFIER = testapp.webview;
				PRODUCT_NAME = "$(TARGET_NAME)";
				SWIFT_EMIT_LOC_STRINGS = YES;
				SWIFT_VERSION = 5.0;
				TARGETED_DEVICE_FAMILY = "1,2";
			};
			name = Debug;
		};
		368D350928DC137500C2DB36 /* Release */ = {
			isa = XCBuildConfiguration;
			buildSettings = {
				ASSETCATALOG_COMPILER_APPICON_NAME = AppIcon;
				ASSETCATALOG_COMPILER_GLOBAL_ACCENT_COLOR_NAME = AccentColor;
				CODE_SIGN_STYLE = Automatic;
				CURRENT_PROJECT_VERSION = 1;
				DEVELOPMENT_TEAM = 6L2N3YV6A8;
				GENERATE_INFOPLIST_FILE = YES;
				INFOPLIST_FILE = webview/Info.plist;
				INFOPLIST_KEY_UIApplicationSupportsIndirectInputEvents = YES;
				INFOPLIST_KEY_UILaunchStoryboardName = LaunchScreen;
				INFOPLIST_KEY_UIMainStoryboardFile = Main;
				INFOPLIST_KEY_UISupportedInterfaceOrientations_iPad = "UIInterfaceOrientationPortrait UIInterfaceOrientationPortraitUpsideDown UIInterfaceOrientationLandscapeLeft UIInterfaceOrientationLandscapeRight";
				INFOPLIST_KEY_UISupportedInterfaceOrientations_iPhone = "UIInterfaceOrientationPortrait UIInterfaceOrientationLandscapeLeft UIInterfaceOrientationLandscapeRight";
				LD_RUNPATH_SEARCH_PATHS = (
					"$(inherited)",
					"@executable_path/Frameworks",
				);
				MARKETING_VERSION = 1.0;
				PRODUCT_BUNDLE_IDENTIFIER = testapp.webview;
				PRODUCT_NAME = "$(TARGET_NAME)";
				SWIFT_EMIT_LOC_STRINGS = YES;
				SWIFT_VERSION = 5.0;
				TARGETED_DEVICE_FAMILY = "1,2";
			};
			name = Release;
		};
		368D350B28DC137500C2DB36 /* Debug */ = {
			isa = XCBuildConfiguration;
			buildSettings = {
				ALWAYS_EMBED_SWIFT_STANDARD_LIBRARIES = YES;
				BUNDLE_LOADER = "$(TEST_HOST)";
				CODE_SIGN_STYLE = Automatic;
				CURRENT_PROJECT_VERSION = 1;
				DEVELOPMENT_TEAM = 6L2N3YV6A8;
				GENERATE_INFOPLIST_FILE = YES;
				IPHONEOS_DEPLOYMENT_TARGET = 16.0;
				MARKETING_VERSION = 1.0;
				PRODUCT_BUNDLE_IDENTIFIER = testapp.webviewTests;
				PRODUCT_NAME = "$(TARGET_NAME)";
				SWIFT_EMIT_LOC_STRINGS = NO;
				SWIFT_VERSION = 5.0;
				TARGETED_DEVICE_FAMILY = "1,2";
				TEST_HOST = "$(BUILT_PRODUCTS_DIR)/webview.app/$(BUNDLE_EXECUTABLE_FOLDER_PATH)/webview";
			};
			name = Debug;
		};
		368D350C28DC137500C2DB36 /* Release */ = {
			isa = XCBuildConfiguration;
			buildSettings = {
				ALWAYS_EMBED_SWIFT_STANDARD_LIBRARIES = YES;
				BUNDLE_LOADER = "$(TEST_HOST)";
				CODE_SIGN_STYLE = Automatic;
				CURRENT_PROJECT_VERSION = 1;
				DEVELOPMENT_TEAM = 6L2N3YV6A8;
				GENERATE_INFOPLIST_FILE = YES;
				IPHONEOS_DEPLOYMENT_TARGET = 16.0;
				MARKETING_VERSION = 1.0;
				PRODUCT_BUNDLE_IDENTIFIER = testapp.webviewTests;
				PRODUCT_NAME = "$(TARGET_NAME)";
				SWIFT_EMIT_LOC_STRINGS = NO;
				SWIFT_VERSION = 5.0;
				TARGETED_DEVICE_FAMILY = "1,2";
				TEST_HOST = "$(BUILT_PRODUCTS_DIR)/webview.app/$(BUNDLE_EXECUTABLE_FOLDER_PATH)/webview";
			};
			name = Release;
		};
		368D350E28DC137500C2DB36 /* Debug */ = {
			isa = XCBuildConfiguration;
			buildSettings = {
				ALWAYS_EMBED_SWIFT_STANDARD_LIBRARIES = YES;
				CODE_SIGN_STYLE = Automatic;
				CURRENT_PROJECT_VERSION = 1;
				DEVELOPMENT_TEAM = 6L2N3YV6A8;
				GENERATE_INFOPLIST_FILE = YES;
				MARKETING_VERSION = 1.0;
				PRODUCT_BUNDLE_IDENTIFIER = testapp.webviewUITests;
				PRODUCT_NAME = "$(TARGET_NAME)";
				SWIFT_EMIT_LOC_STRINGS = NO;
				SWIFT_VERSION = 5.0;
				TARGETED_DEVICE_FAMILY = "1,2";
				TEST_TARGET_NAME = webview;
			};
			name = Debug;
		};
		368D350F28DC137500C2DB36 /* Release */ = {
			isa = XCBuildConfiguration;
			buildSettings = {
				ALWAYS_EMBED_SWIFT_STANDARD_LIBRARIES = YES;
				CODE_SIGN_STYLE = Automatic;
				CURRENT_PROJECT_VERSION = 1;
				DEVELOPMENT_TEAM = 6L2N3YV6A8;
				GENERATE_INFOPLIST_FILE = YES;
				MARKETING_VERSION = 1.0;
				PRODUCT_BUNDLE_IDENTIFIER = testapp.webviewUITests;
				PRODUCT_NAME = "$(TARGET_NAME)";
				SWIFT_EMIT_LOC_STRINGS = NO;
				SWIFT_VERSION = 5.0;
				TARGETED_DEVICE_FAMILY = "1,2";
				TEST_TARGET_NAME = webview;
			};
			name = Release;
		};
/* End XCBuildConfiguration section */

/* Begin XCConfigurationList section */
		368D34D528DC137300C2DB36 /* Build configuration list for PBXProject "webview" */ = {
			isa = XCConfigurationList;
			buildConfigurations = (
				368D350528DC137500C2DB36 /* Debug */,
				368D350628DC137500C2DB36 /* Release */,
			);
			defaultConfigurationIsVisible = 0;
			defaultConfigurationName = Release;
		};
		368D350728DC137500C2DB36 /* Build configuration list for PBXNativeTarget "webview" */ = {
			isa = XCConfigurationList;
			buildConfigurations = (
				368D350828DC137500C2DB36 /* Debug */,
				368D350928DC137500C2DB36 /* Release */,
			);
			defaultConfigurationIsVisible = 0;
			defaultConfigurationName = Release;
		};
		368D350A28DC137500C2DB36 /* Build configuration list for PBXNativeTarget "webviewTests" */ = {
			isa = XCConfigurationList;
			buildConfigurations = (
				368D350B28DC137500C2DB36 /* Debug */,
				368D350C28DC137500C2DB36 /* Release */,
			);
			defaultConfigurationIsVisible = 0;
			defaultConfigurationName = Release;
		};
		368D350D28DC137500C2DB36 /* Build configuration list for PBXNativeTarget "webviewUITests" */ = {
			isa = XCConfigurationList;
			buildConfigurations = (
				368D350E28DC137500C2DB36 /* Debug */,
				368D350F28DC137500C2DB36 /* Release */,
			);
			defaultConfigurationIsVisible = 0;
			defaultConfigurationName = Release;
		};
/* End XCConfigurationList section */

/* Begin XCVersionGroup section */
		368D34E628DC137300C2DB36 /* webview.xcdatamodeld */ = {
			isa = XCVersionGroup;
			children = (
				368D34E728DC137300C2DB36 /* webview.xcdatamodel */,
			);
			currentVersion = 368D34E728DC137300C2DB36 /* webview.xcdatamodel */;
			path = webview.xcdatamodeld;
			sourceTree = "<group>";
			versionGroupType = wrapper.xcdatamodel;
		};
/* End XCVersionGroup section */
	};
	rootObject = 368D34D228DC137300C2DB36 /* Project object */;
}
